
Microsoft Visual Studio Solution File, Format Version 12.00
# Visual Studio Version 17
VisualStudioVersion = 17.4.33403.182
MinimumVisualStudioVersion = 10.0.40219.1
Project("{FAE04EC0-301F-11D3-BF4B-00C04F79EFBC}") = "Client", "Client\Client.csproj", "{42D5A417-0766-407B-B3A0-0682804E2F5D}"
EndProject
Project("{FAE04EC0-301F-11D3-BF4B-00C04F79EFBC}") = "Server", "Server\Server.csproj", "{3E0C3AC6-0ECD-4D1F-8127-2127E8CAD25F}"
EndProject
Global
	GlobalSection(SolutionConfigurationPlatforms) = preSolution
		Debug|Any CPU = Debug|Any CPU
		Release|Any CPU = Release|Any CPU
	EndGlobalSection
	GlobalSection(ProjectConfigurationPlatforms) = postSolution
		{42D5A417-0766-407B-B3A0-0682804E2F5D}.Debug|Any CPU.ActiveCfg = Debug|Any CPU
		{42D5A417-0766-407B-B3A0-0682804E2F5D}.Debug|Any CPU.Build.0 = Debug|Any CPU
		{42D5A417-0766-407B-B3A0-0682804E2F5D}.Release|Any CPU.ActiveCfg = Release|Any CPU
		{42D5A417-0766-407B-B3A0-0682804E2F5D}.Release|Any CPU.Build.0 = Release|Any CPU
		{3E0C3AC6-0ECD-4D1F-8127-2127E8CAD25F}.Debug|Any CPU.ActiveCfg = Debug|Any CPU
		{3E0C3AC6-0ECD-4D1F-8127-2127E8CAD25F}.Debug|Any CPU.Build.0 = Debug|Any CPU
		{3E0C3AC6-0ECD-4D1F-8127-2127E8CAD25F}.Release|Any CPU.ActiveCfg = Release|Any CPU
		{3E0C3AC6-0ECD-4D1F-8127-2127E8CAD25F}.Release|Any CPU.Build.0 = Release|Any CPU
	EndGlobalSection
	GlobalSection(SolutionProperties) = preSolution
		HideSolutionNode = FALSE
	EndGlobalSection
	GlobalSection(ExtensibilityGlobals) = postSolution
		SolutionGuid = {037D4735-3AF7-46CA-9E0E-AA5CE416B292}
	EndGlobalSection
EndGlobal
